// !$*UTF8*$!
{
	archiveVersion = 1;
	classes = {
	};
	objectVersion = 48;
	objects = {

/* Begin PBXBuildFile section */
		7A0426B6209DF6A60045F29E /* AppDelegate.swift in Sources */ = {isa = PBXBuildFile; fileRef = 7A0426B5209DF6A60045F29E /* AppDelegate.swift */; };
		7A0426B8209DF6A60045F29E /* ViewController.swift in Sources */ = {isa = PBXBuildFile; fileRef = 7A0426B7209DF6A60045F29E /* ViewController.swift */; };
		7A0426BB209DF6A60045F29E /* Main.storyboard in Resources */ = {isa = PBXBuildFile; fileRef = 7A0426B9209DF6A60045F29E /* Main.storyboard */; };
		7A0426BD209DF6A60045F29E /* Assets.xcassets in Resources */ = {isa = PBXBuildFile; fileRef = 7A0426BC209DF6A60045F29E /* Assets.xcassets */; };
		7A0426C0209DF6A60045F29E /* LaunchScreen.storyboard in Resources */ = {isa = PBXBuildFile; fileRef = 7A0426BE209DF6A60045F29E /* LaunchScreen.storyboard */; };
		7A0426CB209DF6A70045F29E /* AppTest1Tests.swift in Sources */ = {isa = PBXBuildFile; fileRef = 7A0426CA209DF6A70045F29E /* AppTest1Tests.swift */; };
		7A0426D6209DF6A70045F29E /* AppTest1UITests.swift in Sources */ = {isa = PBXBuildFile; fileRef = 7A0426D5209DF6A70045F29E /* AppTest1UITests.swift */; };
/* End PBXBuildFile section */

/* Begin PBXContainerItemProxy section */
		7A0426C7209DF6A70045F29E /* PBXContainerItemProxy */ = {
			isa = PBXContainerItemProxy;
			containerPortal = 7A0426AA209DF6A60045F29E /* Project object */;
			proxyType = 1;
			remoteGlobalIDString = 7A0426B1209DF6A60045F29E;
			remoteInfo = AppTest1;
		};
		7A0426D2209DF6A70045F29E /* PBXContainerItemProxy */ = {
			isa = PBXContainerItemProxy;
			containerPortal = 7A0426AA209DF6A60045F29E /* Project object */;
			proxyType = 1;
			remoteGlobalIDString = 7A0426B1209DF6A60045F29E;
			remoteInfo = AppTest1;
		};
/* End PBXContainerItemProxy section */

/* Begin PBXFileReference section */
		7A0426B2209DF6A60045F29E /* AppTest1.app */ = {isa = PBXFileReference; explicitFileType = wrapper.application; includeInIndex = 0; path = AppTest1.app; sourceTree = BUILT_PRODUCTS_DIR; };
		7A0426B5209DF6A60045F29E /* AppDelegate.swift */ = {isa = PBXFileReference; lastKnownFileType = sourcecode.swift; path = AppDelegate.swift; sourceTree = "<group>"; };
		7A0426B7209DF6A60045F29E /* ViewController.swift */ = {isa = PBXFileReference; lastKnownFileType = sourcecode.swift; path = ViewController.swift; sourceTree = "<group>"; };
		7A0426BA209DF6A60045F29E /* Base */ = {isa = PBXFileReference; lastKnownFileType = file.storyboard; name = Base; path = Base.lproj/Main.storyboard; sourceTree = "<group>"; };
		7A0426BC209DF6A60045F29E /* Assets.xcassets */ = {isa = PBXFileReference; lastKnownFileType = folder.assetcatalog; path = Assets.xcassets; sourceTree = "<group>"; };
		7A0426BF209DF6A60045F29E /* Base */ = {isa = PBXFileReference; lastKnownFileType = file.storyboard; name = Base; path = Base.lproj/LaunchScreen.storyboard; sourceTree = "<group>"; };
		7A0426C1209DF6A60045F29E /* Info.plist */ = {isa = PBXFileReference; lastKnownFileType = text.plist.xml; path = Info.plist; sourceTree = "<group>"; };
		7A0426C6209DF6A70045F29E /* AppTest1Tests.xctest */ = {isa = PBXFileReference; explicitFileType = wrapper.cfbundle; includeInIndex = 0; path = AppTest1Tests.xctest; sourceTree = BUILT_PRODUCTS_DIR; };
		7A0426CA209DF6A70045F29E /* AppTest1Tests.swift */ = {isa = PBXFileReference; lastKnownFileType = sourcecode.swift; path = AppTest1Tests.swift; sourceTree = "<group>"; };
		7A0426CC209DF6A70045F29E /* Info.plist */ = {isa = PBXFileReference; lastKnownFileType = text.plist.xml; path = Info.plist; sourceTree = "<group>"; };
		7A0426D1209DF6A70045F29E /* AppTest1UITests.xctest */ = {isa = PBXFileReference; explicitFileType = wrapper.cfbundle; includeInIndex = 0; path = AppTest1UITests.xctest; sourceTree = BUILT_PRODUCTS_DIR; };
		7A0426D5209DF6A70045F29E /* AppTest1UITests.swift */ = {isa = PBXFileReference; lastKnownFileType = sourcecode.swift; path = AppTest1UITests.swift; sourceTree = "<group>"; };
		7A0426D7209DF6A70045F29E /* Info.plist */ = {isa = PBXFileReference; lastKnownFileType = text.plist.xml; path = Info.plist; sourceTree = "<group>"; };
/* End PBXFileReference section */

/* Begin PBXFrameworksBuildPhase section */
		7A0426AF209DF6A60045F29E /* Frameworks */ = {
			isa = PBXFrameworksBuildPhase;
			buildActionMask = 2147483647;
			files = (
			);
			runOnlyForDeploymentPostprocessing = 0;
		};
		7A0426C3209DF6A70045F29E /* Frameworks */ = {
			isa = PBXFrameworksBuildPhase;
			buildActionMask = 2147483647;
			files = (
			);
			runOnlyForDeploymentPostprocessing = 0;
		};
		7A0426CE209DF6A70045F29E /* Frameworks */ = {
			isa = PBXFrameworksBuildPhase;
			buildActionMask = 2147483647;
			files = (
			);
			runOnlyForDeploymentPostprocessing = 0;
		};
/* End PBXFrameworksBuildPhase section */

/* Begin PBXGroup section */
		7A0426A9209DF6A60045F29E = {
			isa = PBXGroup;
			children = (
				7A0426B4209DF6A60045F29E /* AppTest1 */,
				7A0426C9209DF6A70045F29E /* AppTest1Tests */,
				7A0426D4209DF6A70045F29E /* AppTest1UITests */,
				7A0426B3209DF6A60045F29E /* Products */,
			);
			sourceTree = "<group>";
		};
		7A0426B3209DF6A60045F29E /* Products */ = {
			isa = PBXGroup;
			children = (
				7A0426B2209DF6A60045F29E /* AppTest1.app */,
				7A0426C6209DF6A70045F29E /* AppTest1Tests.xctest */,
				7A0426D1209DF6A70045F29E /* AppTest1UITests.xctest */,
			);
			name = Products;
			sourceTree = "<group>";
		};
		7A0426B4209DF6A60045F29E /* AppTest1 */ = {
			isa = PBXGroup;
			children = (
				7A0426B5209DF6A60045F29E /* AppDelegate.swift */,
				7A0426B7209DF6A60045F29E /* ViewController.swift */,
				7A0426B9209DF6A60045F29E /* Main.storyboard */,
				7A0426BC209DF6A60045F29E /* Assets.xcassets */,
				7A0426BE209DF6A60045F29E /* LaunchScreen.storyboard */,
				7A0426C1209DF6A60045F29E /* Info.plist */,
			);
			path = AppTest1;
			sourceTree = "<group>";
		};
		7A0426C9209DF6A70045F29E /* AppTest1Tests */ = {
			isa = PBXGroup;
			children = (
				7A0426CA209DF6A70045F29E /* AppTest1Tests.swift */,
				7A0426CC209DF6A70045F29E /* Info.plist */,
			);
			path = AppTest1Tests;
			sourceTree = "<group>";
		};
		7A0426D4209DF6A70045F29E /* AppTest1UITests */ = {
			isa = PBXGroup;
			children = (
				7A0426D5209DF6A70045F29E /* AppTest1UITests.swift */,
				7A0426D7209DF6A70045F29E /* Info.plist */,
			);
			path = AppTest1UITests;
			sourceTree = "<group>";
		};
/* End PBXGroup section */

/* Begin PBXNativeTarget section */
		7A0426B1209DF6A60045F29E /* AppTest1 */ = {
			isa = PBXNativeTarget;
			buildConfigurationList = 7A0426DA209DF6A70045F29E /* Build configuration list for PBXNativeTarget "AppTest1" */;
			buildPhases = (
				7A0426AE209DF6A60045F29E /* Sources */,
				7A0426AF209DF6A60045F29E /* Frameworks */,
				7A0426B0209DF6A60045F29E /* Resources */,
			);
			buildRules = (
			);
			dependencies = (
			);
			name = AppTest1;
			productName = AppTest1;
			productReference = 7A0426B2209DF6A60045F29E /* AppTest1.app */;
			productType = "com.apple.product-type.application";
		};
		7A0426C5209DF6A70045F29E /* AppTest1Tests */ = {
			isa = PBXNativeTarget;
			buildConfigurationList = 7A0426DD209DF6A70045F29E /* Build configuration list for PBXNativeTarget "AppTest1Tests" */;
			buildPhases = (
				7A0426C2209DF6A70045F29E /* Sources */,
				7A0426C3209DF6A70045F29E /* Frameworks */,
				7A0426C4209DF6A70045F29E /* Resources */,
			);
			buildRules = (
			);
			dependencies = (
				7A0426C8209DF6A70045F29E /* PBXTargetDependency */,
			);
			name = AppTest1Tests;
			productName = AppTest1Tests;
			productReference = 7A0426C6209DF6A70045F29E /* AppTest1Tests.xctest */;
			productType = "com.apple.product-type.bundle.unit-test";
		};
		7A0426D0209DF6A70045F29E /* AppTest1UITests */ = {
			isa = PBXNativeTarget;
			buildConfigurationList = 7A0426E0209DF6A70045F29E /* Build configuration list for PBXNativeTarget "AppTest1UITests" */;
			buildPhases = (
				7A0426CD209DF6A70045F29E /* Sources */,
				7A0426CE209DF6A70045F29E /* Frameworks */,
				7A0426CF209DF6A70045F29E /* Resources */,
			);
			buildRules = (
			);
			dependencies = (
				7A0426D3209DF6A70045F29E /* PBXTargetDependency */,
			);
			name = AppTest1UITests;
			productName = AppTest1UITests;
			productReference = 7A0426D1209DF6A70045F29E /* AppTest1UITests.xctest */;
			productType = "com.apple.product-type.bundle.ui-testing";
		};
/* End PBXNativeTarget section */

/* Begin PBXProject section */
		7A0426AA209DF6A60045F29E /* Project object */ = {
			isa = PBXProject;
			attributes = {
				LastSwiftUpdateCheck = 0920;
				LastUpgradeCheck = 0920;
				ORGANIZATIONNAME = "Carlos Eduardo Hernandez Aguilar";
				TargetAttributes = {
					7A0426B1209DF6A60045F29E = {
						CreatedOnToolsVersion = 9.2;
						ProvisioningStyle = Automatic;
					};
					7A0426C5209DF6A70045F29E = {
						CreatedOnToolsVersion = 9.2;
						ProvisioningStyle = Automatic;
						TestTargetID = 7A0426B1209DF6A60045F29E;
					};
					7A0426D0209DF6A70045F29E = {
						CreatedOnToolsVersion = 9.2;
						ProvisioningStyle = Automatic;
						TestTargetID = 7A0426B1209DF6A60045F29E;
					};
				};
			};
			buildConfigurationList = 7A0426AD209DF6A60045F29E /* Build configuration list for PBXProject "AppTest1" */;
			compatibilityVersion = "Xcode 8.0";
			developmentRegion = en;
			hasScannedForEncodings = 0;
			knownRegions = (
				en,
				Base,
			);
			mainGroup = 7A0426A9209DF6A60045F29E;
			productRefGroup = 7A0426B3209DF6A60045F29E /* Products */;
			projectDirPath = "";
			projectRoot = "";
			targets = (
				7A0426B1209DF6A60045F29E /* AppTest1 */,
				7A0426C5209DF6A70045F29E /* AppTest1Tests */,
				7A0426D0209DF6A70045F29E /* AppTest1UITests */,
			);
		};
/* End PBXProject section */

/* Begin PBXResourcesBuildPhase section */
		7A0426B0209DF6A60045F29E /* Resources */ = {
			isa = PBXResourcesBuildPhase;
			buildActionMask = 2147483647;
			files = (
				7A0426C0209DF6A60045F29E /* LaunchScreen.storyboard in Resources */,
				7A0426BD209DF6A60045F29E /* Assets.xcassets in Resources */,
				7A0426BB209DF6A60045F29E /* Main.storyboard in Resources */,
			);
			runOnlyForDeploymentPostprocessing = 0;
		};
		7A0426C4209DF6A70045F29E /* Resources */ = {
			isa = PBXResourcesBuildPhase;
			buildActionMask = 2147483647;
			files = (
			);
			runOnlyForDeploymentPostprocessing = 0;
		};
		7A0426CF209DF6A70045F29E /* Resources */ = {
			isa = PBXResourcesBuildPhase;
			buildActionMask = 2147483647;
			files = (
			);
			runOnlyForDeploymentPostprocessing = 0;
		};
/* End PBXResourcesBuildPhase section */

/* Begin PBXSourcesBuildPhase section */
		7A0426AE209DF6A60045F29E /* Sources */ = {
			isa = PBXSourcesBuildPhase;
			buildActionMask = 2147483647;
			files = (
				7A0426B8209DF6A60045F29E /* ViewController.swift in Sources */,
				7A0426B6209DF6A60045F29E /* AppDelegate.swift in Sources */,
			);
			runOnlyForDeploymentPostprocessing = 0;
		};
		7A0426C2209DF6A70045F29E /* Sources */ = {
			isa = PBXSourcesBuildPhase;
			buildActionMask = 2147483647;
			files = (
				7A0426CB209DF6A70045F29E /* AppTest1Tests.swift in Sources */,
			);
			runOnlyForDeploymentPostprocessing = 0;
		};
		7A0426CD209DF6A70045F29E /* Sources */ = {
			isa = PBXSourcesBuildPhase;
			buildActionMask = 2147483647;
			files = (
				7A0426D6209DF6A70045F29E /* AppTest1UITests.swift in Sources */,
			);
			runOnlyForDeploymentPostprocessing = 0;
		};
/* End PBXSourcesBuildPhase section */

/* Begin PBXTargetDependency section */
		7A0426C8209DF6A70045F29E /* PBXTargetDependency */ = {
			isa = PBXTargetDependency;
			target = 7A0426B1209DF6A60045F29E /* AppTest1 */;
			targetProxy = 7A0426C7209DF6A70045F29E /* PBXContainerItemProxy */;
		};
		7A0426D3209DF6A70045F29E /* PBXTargetDependency */ = {
			isa = PBXTargetDependency;
			target = 7A0426B1209DF6A60045F29E /* AppTest1 */;
			targetProxy = 7A0426D2209DF6A70045F29E /* PBXContainerItemProxy */;
		};
/* End PBXTargetDependency section */

/* Begin PBXVariantGroup section */
		7A0426B9209DF6A60045F29E /* Main.storyboard */ = {
			isa = PBXVariantGroup;
			children = (
				7A0426BA209DF6A60045F29E /* Base */,
			);
			name = Main.storyboard;
			sourceTree = "<group>";
		};
		7A0426BE209DF6A60045F29E /* LaunchScreen.storyboard */ = {
			isa = PBXVariantGroup;
			children = (
				7A0426BF209DF6A60045F29E /* Base */,
			);
			name = LaunchScreen.storyboard;
			sourceTree = "<group>";
		};
/* End PBXVariantGroup section */

/* Begin XCBuildConfiguration section */
		7A0426D8209DF6A70045F29E /* Debug */ = {
			isa = XCBuildConfiguration;
			buildSettings = {
				ALWAYS_SEARCH_USER_PATHS = NO;
				CLANG_ANALYZER_NONNULL = YES;
				CLANG_ANALYZER_NUMBER_OBJECT_CONVERSION = YES_AGGRESSIVE;
				CLANG_CXX_LANGUAGE_STANDARD = "gnu++14";
				CLANG_CXX_LIBRARY = "libc++";
				CLANG_ENABLE_MODULES = YES;
				CLANG_ENABLE_OBJC_ARC = YES;
				CLANG_WARN_BLOCK_CAPTURE_AUTORELEASING = YES;
				CLANG_WARN_BOOL_CONVERSION = YES;
				CLANG_WARN_COMMA = YES;
				CLANG_WARN_CONSTANT_CONVERSION = YES;
				CLANG_WARN_DIRECT_OBJC_ISA_USAGE = YES_ERROR;
				CLANG_WARN_DOCUMENTATION_COMMENTS = YES;
				CLANG_WARN_EMPTY_BODY = YES;
				CLANG_WARN_ENUM_CONVERSION = YES;
				CLANG_WARN_INFINITE_RECURSION = YES;
				CLANG_WARN_INT_CONVERSION = YES;
				CLANG_WARN_NON_LITERAL_NULL_CONVERSION = YES;
				CLANG_WARN_OBJC_LITERAL_CONVERSION = YES;
				CLANG_WARN_OBJC_ROOT_CLASS = YES_ERROR;
				CLANG_WARN_RANGE_LOOP_ANALYSIS = YES;
				CLANG_WARN_STRICT_PROTOTYPES = YES;
				CLANG_WARN_SUSPICIOUS_MOVE = YES;
				CLANG_WARN_UNGUARDED_AVAILABILITY = YES_AGGRESSIVE;
				CLANG_WARN_UNREACHABLE_CODE = YES;
				CLANG_WARN__DUPLICATE_METHOD_MATCH = YES;
				CODE_SIGN_IDENTITY = "iPhone Developer";
				COPY_PHASE_STRIP = NO;
				DEBUG_INFORMATION_FORMAT = dwarf;
				ENABLE_STRICT_OBJC_MSGSEND = YES;
				ENABLE_TESTABILITY = YES;
				GCC_C_LANGUAGE_STANDARD = gnu11;
				GCC_DYNAMIC_NO_PIC = NO;
				GCC_NO_COMMON_BLOCKS = YES;
				GCC_OPTIMIZATION_LEVEL = 0;
				GCC_PREPROCESSOR_DEFINITIONS = (
					"DEBUG=1",
					"$(inherited)",
				);
				GCC_WARN_64_TO_32_BIT_CONVERSION = YES;
				GCC_WARN_ABOUT_RETURN_TYPE = YES_ERROR;
				GCC_WARN_UNDECLARED_SELECTOR = YES;
				GCC_WARN_UNINITIALIZED_AUTOS = YES_AGGRESSIVE;
				GCC_WARN_UNUSED_FUNCTION = YES;
				GCC_WARN_UNUSED_VARIABLE = YES;
				IPHONEOS_DEPLOYMENT_TARGET = 11.2;
				MTL_ENABLE_DEBUG_INFO = YES;
				ONLY_ACTIVE_ARCH = YES;
				SDKROOT = iphoneos;
				SWIFT_ACTIVE_COMPILATION_CONDITIONS = DEBUG;
				SWIFT_OPTIMIZATION_LEVEL = "-Onone";
			};
			name = Debug;
		};
		7A0426D9209DF6A70045F29E /* Release */ = {
			isa = XCBuildConfiguration;
			buildSettings = {
				ALWAYS_SEARCH_USER_PATHS = NO;
				CLANG_ANALYZER_NONNULL = YES;
				CLANG_ANALYZER_NUMBER_OBJECT_CONVERSION = YES_AGGRESSIVE;
				CLANG_CXX_LANGUAGE_STANDARD = "gnu++14";
				CLANG_CXX_LIBRARY = "libc++";
				CLANG_ENABLE_MODULES = YES;
				CLANG_ENABLE_OBJC_ARC = YES;
				CLANG_WARN_BLOCK_CAPTURE_AUTORELEASING = YES;
				CLANG_WARN_BOOL_CONVERSION = YES;
				CLANG_WARN_COMMA = YES;
				CLANG_WARN_CONSTANT_CONVERSION = YES;
				CLANG_WARN_DIRECT_OBJC_ISA_USAGE = YES_ERROR;
				CLANG_WARN_DOCUMENTATION_COMMENTS = YES;
				CLANG_WARN_EMPTY_BODY = YES;
				CLANG_WARN_ENUM_CONVERSION = YES;
				CLANG_WARN_INFINITE_RECURSION = YES;
				CLANG_WARN_INT_CONVERSION = YES;
				CLANG_WARN_NON_LITERAL_NULL_CONVERSION = YES;
				CLANG_WARN_OBJC_LITERAL_CONVERSION = YES;
				CLANG_WARN_OBJC_ROOT_CLASS = YES_ERROR;
				CLANG_WARN_RANGE_LOOP_ANALYSIS = YES;
				CLANG_WARN_STRICT_PROTOTYPES = YES;
				CLANG_WARN_SUSPICIOUS_MOVE = YES;
				CLANG_WARN_UNGUARDED_AVAILABILITY = YES_AGGRESSIVE;
				CLANG_WARN_UNREACHABLE_CODE = YES;
				CLANG_WARN__DUPLICATE_METHOD_MATCH = YES;
				CODE_SIGN_IDENTITY = "iPhone Developer";
				COPY_PHASE_STRIP = NO;
				DEBUG_INFORMATION_FORMAT = "dwarf-with-dsym";
				ENABLE_NS_ASSERTIONS = NO;
				ENABLE_STRICT_OBJC_MSGSEND = YES;
				GCC_C_LANGUAGE_STANDARD = gnu11;
				GCC_NO_COMMON_BLOCKS = YES;
				GCC_WARN_64_TO_32_BIT_CONVERSION = YES;
				GCC_WARN_ABOUT_RETURN_TYPE = YES_ERROR;
				GCC_WARN_UNDECLARED_SELECTOR = YES;
				GCC_WARN_UNINITIALIZED_AUTOS = YES_AGGRESSIVE;
				GCC_WARN_UNUSED_FUNCTION = YES;
				GCC_WARN_UNUSED_VARIABLE = YES;
				IPHONEOS_DEPLOYMENT_TARGET = 11.2;
				MTL_ENABLE_DEBUG_INFO = NO;
				SDKROOT = iphoneos;
				SWIFT_OPTIMIZATION_LEVEL = "-Owholemodule";
				VALIDATE_PRODUCT = YES;
			};
			name = Release;
		};
		7A0426DB209DF6A70045F29E /* Debug */ = {
			isa = XCBuildConfiguration;
			buildSettings = {
				ASSETCATALOG_COMPILER_APPICON_NAME = AppIcon;
				CODE_SIGN_STYLE = Automatic;
				INFOPLIST_FILE = AppTest1/Info.plist;
				LD_RUNPATH_SEARCH_PATHS = "$(inherited) @executable_path/Frameworks";
				PRODUCT_BUNDLE_IDENTIFIER = ceha.AppTest1;
				PRODUCT_NAME = "$(TARGET_NAME)";
				SWIFT_VERSION = 4.0;
				TARGETED_DEVICE_FAMILY = "1,2";
			};
			name = Debug;
		};
		7A0426DC209DF6A70045F29E /* Release */ = {
			isa = XCBuildConfiguration;
			buildSettings = {
				ASSETCATALOG_COMPILER_APPICON_NAME = AppIcon;
				CODE_SIGN_STYLE = Automatic;
				INFOPLIST_FILE = AppTest1/Info.plist;
				LD_RUNPATH_SEARCH_PATHS = "$(inherited) @executable_path/Frameworks";
				PRODUCT_BUNDLE_IDENTIFIER = ceha.AppTest1;
				PRODUCT_NAME = "$(TARGET_NAME)";
				SWIFT_VERSION = 4.0;
				TARGETED_DEVICE_FAMILY = "1,2";
			};
			name = Release;
		};
		7A0426DE209DF6A70045F29E /* Debug */ = {
			isa = XCBuildConfiguration;
			buildSettings = {
				ALWAYS_EMBED_SWIFT_STANDARD_LIBRARIES = YES;
				BUNDLE_LOADER = "$(TEST_HOST)";
				CODE_SIGN_STYLE = Automatic;
				INFOPLIST_FILE = AppTest1Tests/Info.plist;
				LD_RUNPATH_SEARCH_PATHS = "$(inherited) @executable_path/Frameworks @loader_path/Frameworks";
				PRODUCT_BUNDLE_IDENTIFIER = ceha.AppTest1Tests;
				PRODUCT_NAME = "$(TARGET_NAME)";
				SWIFT_VERSION = 4.0;
				TARGETED_DEVICE_FAMILY = "1,2";
				TEST_HOST = "$(BUILT_PRODUCTS_DIR)/AppTest1.app/AppTest1";
			};
			name = Debug;
		};
		7A0426DF209DF6A70045F29E /* Release */ = {
			isa = XCBuildConfiguration;
			buildSettings = {
				ALWAYS_EMBED_SWIFT_STANDARD_LIBRARIES = YES;
				BUNDLE_LOADER = "$(TEST_HOST)";
				CODE_SIGN_STYLE = Automatic;
				INFOPLIST_FILE = AppTest1Tests/Info.plist;
				LD_RUNPATH_SEARCH_PATHS = "$(inherited) @executable_path/Frameworks @loader_path/Frameworks";
				PRODUCT_BUNDLE_IDENTIFIER = ceha.AppTest1Tests;
				PRODUCT_NAME = "$(TARGET_NAME)";
				SWIFT_VERSION = 4.0;
				TARGETED_DEVICE_FAMILY = "1,2";
				TEST_HOST = "$(BUILT_PRODUCTS_DIR)/AppTest1.app/AppTest1";
			};
			name = Release;
		};
		7A0426E1209DF6A70045F29E /* Debug */ = {
			isa = XCBuildConfiguration;
			buildSettings = {
				ALWAYS_EMBED_SWIFT_STANDARD_LIBRARIES = YES;
				CODE_SIGN_STYLE = Automatic;
				INFOPLIST_FILE = AppTest1UITests/Info.plist;
				LD_RUNPATH_SEARCH_PATHS = "$(inherited) @executable_path/Frameworks @loader_path/Frameworks";
				PRODUCT_BUNDLE_IDENTIFIER = ceha.AppTest1UITests;
				PRODUCT_NAME = "$(TARGET_NAME)";
				SWIFT_VERSION = 4.0;
				TARGETED_DEVICE_FAMILY = "1,2";
				TEST_TARGET_NAME = AppTest1;
			};
			name = Debug;
		};
		7A0426E2209DF6A70045F29E /* Release */ = {
			isa = XCBuildConfiguration;
			buildSettings = {
				ALWAYS_EMBED_SWIFT_STANDARD_LIBRARIES = YES;
				CODE_SIGN_STYLE = Automatic;
				INFOPLIST_FILE = AppTest1UITests/Info.plist;
				LD_RUNPATH_SEARCH_PATHS = "$(inherited) @executable_path/Frameworks @loader_path/Frameworks";
				PRODUCT_BUNDLE_IDENTIFIER = ceha.AppTest1UITests;
				PRODUCT_NAME = "$(TARGET_NAME)";
				SWIFT_VERSION = 4.0;
				TARGETED_DEVICE_FAMILY = "1,2";
				TEST_TARGET_NAME = AppTest1;
			};
			name = Release;
		};
/* End XCBuildConfiguration section */

/* Begin XCConfigurationList section */
		7A0426AD209DF6A60045F29E /* Build configuration list for PBXProject "AppTest1" */ = {
			isa = XCConfigurationList;
			buildConfigurations = (
				7A0426D8209DF6A70045F29E /* Debug */,
				7A0426D9209DF6A70045F29E /* Release */,
			);
			defaultConfigurationIsVisible = 0;
			defaultConfigurationName = Release;
		};
		7A0426DA209DF6A70045F29E /* Build configuration list for PBXNativeTarget "AppTest1" */ = {
			isa = XCConfigurationList;
			buildConfigurations = (
				7A0426DB209DF6A70045F29E /* Debug */,
				7A0426DC209DF6A70045F29E /* Release */,
			);
			defaultConfigurationIsVisible = 0;
			defaultConfigurationName = Release;
		};
		7A0426DD209DF6A70045F29E /* Build configuration list for PBXNativeTarget "AppTest1Tests" */ = {
			isa = XCConfigurationList;
			buildConfigurations = (
				7A0426DE209DF6A70045F29E /* Debug */,
				7A0426DF209DF6A70045F29E /* Release */,
			);
			defaultConfigurationIsVisible = 0;
			defaultConfigurationName = Release;
		};
		7A0426E0209DF6A70045F29E /* Build configuration list for PBXNativeTarget "AppTest1UITests" */ = {
			isa = XCConfigurationList;
			buildConfigurations = (
				7A0426E1209DF6A70045F29E /* Debug */,
				7A0426E2209DF6A70045F29E /* Release */,
			);
			defaultConfigurationIsVisible = 0;
			defaultConfigurationName = Release;
		};
/* End XCConfigurationList section */
	};
	rootObject = 7A0426AA209DF6A60045F29E /* Project object */;
}
